// !$*UTF8*$!
{
	archiveVersion = 1;
	classes = {
	};
	objectVersion = 50;
	objects = {

/* Begin PBXBuildFile section */
		953DCB0A2176FFDC0024C0A7 /* AppDelegate.m in Sources */ = {isa = PBXBuildFile; fileRef = 953DCB092176FFDC0024C0A7 /* AppDelegate.m */; };
		953DCB0D2176FFDC0024C0A7 /* ViewController.m in Sources */ = {isa = PBXBuildFile; fileRef = 953DCB0C2176FFDC0024C0A7 /* ViewController.m */; };
		953DCB102176FFDC0024C0A7 /* Main.storyboard in Resources */ = {isa = PBXBuildFile; fileRef = 953DCB0E2176FFDC0024C0A7 /* Main.storyboard */; };
		953DCB122176FFE30024C0A7 /* Assets.xcassets in Resources */ = {isa = PBXBuildFile; fileRef = 953DCB112176FFE30024C0A7 /* Assets.xcassets */; };
		953DCB152176FFE30024C0A7 /* LaunchScreen.storyboard in Resources */ = {isa = PBXBuildFile; fileRef = 953DCB132176FFE30024C0A7 /* LaunchScreen.storyboard */; };
		953DCB182176FFE30024C0A7 /* main.m in Sources */ = {isa = PBXBuildFile; fileRef = 953DCB172176FFE30024C0A7 /* main.m */; };
		953DCB20217700260024C0A7 /* UIView+Gradient.m in Sources */ = {isa = PBXBuildFile; fileRef = 953DCB1E217700260024C0A7 /* UIView+Gradient.m */; };
/* End PBXBuildFile section */

/* Begin PBXFileReference section */
		953DCB052176FFDC0024C0A7 /* GradientColorDemo.app */ = {isa = PBXFileReference; explicitFileType = wrapper.application; includeInIndex = 0; path = GradientColorDemo.app; sourceTree = BUILT_PRODUCTS_DIR; };
		953DCB082176FFDC0024C0A7 /* AppDelegate.h */ = {isa = PBXFileReference; lastKnownFileType = sourcecode.c.h; path = AppDelegate.h; sourceTree = "<group>"; };
		953DCB092176FFDC0024C0A7 /* AppDelegate.m */ = {isa = PBXFileReference; lastKnownFileType = sourcecode.c.objc; path = AppDelegate.m; sourceTree = "<group>"; };
		953DCB0B2176FFDC0024C0A7 /* ViewController.h */ = {isa = PBXFileReference; lastKnownFileType = sourcecode.c.h; path = ViewController.h; sourceTree = "<group>"; };
		953DCB0C2176FFDC0024C0A7 /* ViewController.m */ = {isa = PBXFileReference; lastKnownFileType = sourcecode.c.objc; path = ViewController.m; sourceTree = "<group>"; };
		953DCB0F2176FFDC0024C0A7 /* Base */ = {isa = PBXFileReference; lastKnownFileType = file.storyboard; name = Base; path = Base.lproj/Main.storyboard; sourceTree = "<group>"; };
		953DCB112176FFE30024C0A7 /* Assets.xcassets */ = {isa = PBXFileReference; lastKnownFileType = folder.assetcatalog; path = Assets.xcassets; sourceTree = "<group>"; };
		953DCB142176FFE30024C0A7 /* Base */ = {isa = PBXFileReference; lastKnownFileType = file.storyboard; name = Base; path = Base.lproj/LaunchScreen.storyboard; sourceTree = "<group>"; };
		953DCB162176FFE30024C0A7 /* Info.plist */ = {isa = PBXFileReference; lastKnownFileType = text.plist.xml; path = Info.plist; sourceTree = "<group>"; };
		953DCB172176FFE30024C0A7 /* main.m */ = {isa = PBXFileReference; lastKnownFileType = sourcecode.c.objc; path = main.m; sourceTree = "<group>"; };
		953DCB1E217700260024C0A7 /* UIView+Gradient.m */ = {isa = PBXFileReference; fileEncoding = 4; lastKnownFileType = sourcecode.c.objc; path = "UIView+Gradient.m"; sourceTree = "<group>"; };
		953DCB1F217700260024C0A7 /* UIView+Gradient.h */ = {isa = PBXFileReference; fileEncoding = 4; lastKnownFileType = sourcecode.c.h; path = "UIView+Gradient.h"; sourceTree = "<group>"; };
/* End PBXFileReference section */

/* Begin PBXFrameworksBuildPhase section */
		953DCB022176FFDC0024C0A7 /* Frameworks */ = {
			isa = PBXFrameworksBuildPhase;
			buildActionMask = 2147483647;
			files = (
			);
			runOnlyForDeploymentPostprocessing = 0;
		};
/* End PBXFrameworksBuildPhase section */

/* Begin PBXGroup section */
		953DCAFC2176FFDC0024C0A7 = {
			isa = PBXGroup;
			children = (
				953DCB072176FFDC0024C0A7 /* GradientColorDemo */,
				953DCB062176FFDC0024C0A7 /* Products */,
			);
			sourceTree = "<group>";
		};
		953DCB062176FFDC0024C0A7 /* Products */ = {
			isa = PBXGroup;
			children = (
				953DCB052176FFDC0024C0A7 /* GradientColorDemo.app */,
			);
			name = Products;
			sourceTree = "<group>";
		};
		953DCB072176FFDC0024C0A7 /* GradientColorDemo */ = {
			isa = PBXGroup;
			children = (
				953DCB082176FFDC0024C0A7 /* AppDelegate.h */,
				953DCB092176FFDC0024C0A7 /* AppDelegate.m */,
				953DCB0B2176FFDC0024C0A7 /* ViewController.h */,
				953DCB0C2176FFDC0024C0A7 /* ViewController.m */,
				953DCB1F217700260024C0A7 /* UIView+Gradient.h */,
				953DCB1E217700260024C0A7 /* UIView+Gradient.m */,
				953DCB0E2176FFDC0024C0A7 /* Main.storyboard */,
				953DCB112176FFE30024C0A7 /* Assets.xcassets */,
				953DCB132176FFE30024C0A7 /* LaunchScreen.storyboard */,
				953DCB162176FFE30024C0A7 /* Info.plist */,
				953DCB172176FFE30024C0A7 /* main.m */,
			);
			path = GradientColorDemo;
			sourceTree = "<group>";
		};
/* End PBXGroup section */

/* Begin PBXNativeTarget section */
		953DCB042176FFDC0024C0A7 /* GradientColorDemo */ = {
			isa = PBXNativeTarget;
			buildConfigurationList = 953DCB1B2176FFE30024C0A7 /* Build configuration list for PBXNativeTarget "GradientColorDemo" */;
			buildPhases = (
				953DCB012176FFDC0024C0A7 /* Sources */,
				953DCB022176FFDC0024C0A7 /* Frameworks */,
				953DCB032176FFDC0024C0A7 /* Resources */,
			);
			buildRules = (
			);
			dependencies = (
			);
			name = GradientColorDemo;
			productName = GradientColorDemo;
			productReference = 953DCB052176FFDC0024C0A7 /* GradientColorDemo.app */;
			productType = "com.apple.product-type.application";
		};
/* End PBXNativeTarget section */

/* Begin PBXProject section */
		953DCAFD2176FFDC0024C0A7 /* Project object */ = {
			isa = PBXProject;
			attributes = {
				LastUpgradeCheck = 1000;
				ORGANIZATIONNAME = "惠上科技";
				TargetAttributes = {
					953DCB042176FFDC0024C0A7 = {
						CreatedOnToolsVersion = 10.0;
					};
				};
			};
			buildConfigurationList = 953DCB002176FFDC0024C0A7 /* Build configuration list for PBXProject "GradientColorDemo" */;
			compatibilityVersion = "Xcode 9.3";
			developmentRegion = en;
			hasScannedForEncodings = 0;
			knownRegions = (
				en,
				Base,
			);
			mainGroup = 953DCAFC2176FFDC0024C0A7;
			productRefGroup = 953DCB062176FFDC0024C0A7 /* Products */;
			projectDirPath = "";
			projectRoot = "";
			targets = (
				953DCB042176FFDC0024C0A7 /* GradientColorDemo */,
			);
		};
/* End PBXProject section */

/* Begin PBXResourcesBuildPhase section */
		953DCB032176FFDC0024C0A7 /* Resources */ = {
			isa = PBXResourcesBuildPhase;
			buildActionMask = 2147483647;
			files = (
				953DCB152176FFE30024C0A7 /* LaunchScreen.storyboard in Resources */,
				953DCB122176FFE30024C0A7 /* Assets.xcassets in Resources */,
				953DCB102176FFDC0024C0A7 /* Main.storyboard in Resources */,
			);
			runOnlyForDeploymentPostprocessing = 0;
		};
/* End PBXResourcesBuildPhase section */

/* Begin PBXSourcesBuildPhase section */
		953DCB012176FFDC0024C0A7 /* Sources */ = {
			isa = PBXSourcesBuildPhase;
			buildActionMask = 2147483647;
			files = (
				953DCB0D2176FFDC0024C0A7 /* ViewController.m in Sources */,
				953DCB182176FFE30024C0A7 /* main.m in Sources */,
				953DCB20217700260024C0A7 /* UIView+Gradient.m in Sources */,
				953DCB0A2176FFDC0024C0A7 /* AppDelegate.m in Sources */,
			);
			runOnlyForDeploymentPostprocessing = 0;
		};
/* End PBXSourcesBuildPhase section */

/* Begin PBXVariantGroup section */
		953DCB0E2176FFDC0024C0A7 /* Main.storyboard */ = {
			isa = PBXVariantGroup;
			children = (
				953DCB0F2176FFDC0024C0A7 /* Base */,
			);
			name = Main.storyboard;
			sourceTree = "<group>";
		};
		953DCB132176FFE30024C0A7 /* LaunchScreen.storyboard */ = {
			isa = PBXVariantGroup;
			children = (
				953DCB142176FFE30024C0A7 /* Base */,
			);
			name = LaunchScreen.storyboard;
			sourceTree = "<group>";
		};
/* End PBXVariantGroup section */

/* Begin XCBuildConfiguration section */
		953DCB192176FFE30024C0A7 /* Debug */ = {
			isa = XCBuildConfiguration;
			buildSettings = {
				ALWAYS_SEARCH_USER_PATHS = NO;
				CLANG_ANALYZER_NONNULL = YES;
				CLANG_ANALYZER_NUMBER_OBJECT_CONVERSION = YES_AGGRESSIVE;
				CLANG_CXX_LANGUAGE_STANDARD = "gnu++14";
				CLANG_CXX_LIBRARY = "libc++";
				CLANG_ENABLE_MODULES = YES;
				CLANG_ENABLE_OBJC_ARC = YES;
				CLANG_ENABLE_OBJC_WEAK = YES;
				CLANG_WARN_BLOCK_CAPTURE_AUTORELEASING = YES;
				CLANG_WARN_BOOL_CONVERSION = YES;
				CLANG_WARN_COMMA = YES;
				CLANG_WARN_CONSTANT_CONVERSION = YES;
				CLANG_WARN_DEPRECATED_OBJC_IMPLEMENTATIONS = YES;
				CLANG_WARN_DIRECT_OBJC_ISA_USAGE = YES_ERROR;
				CLANG_WARN_DOCUMENTATION_COMMENTS = YES;
				CLANG_WARN_EMPTY_BODY = YES;
				CLANG_WARN_ENUM_CONVERSION = YES;
				CLANG_WARN_INFINITE_RECURSION = YES;
				CLANG_WARN_INT_CONVERSION = YES;
				CLANG_WARN_NON_LITERAL_NULL_CONVERSION = YES;
				CLANG_WARN_OBJC_IMPLICIT_RETAIN_SELF = YES;
				CLANG_WARN_OBJC_LITERAL_CONVERSION = YES;
				CLANG_WARN_OBJC_ROOT_CLASS = YES_ERROR;
				CLANG_WARN_RANGE_LOOP_ANALYSIS = YES;
				CLANG_WARN_STRICT_PROTOTYPES = YES;
				CLANG_WARN_SUSPICIOUS_MOVE = YES;
				CLANG_WARN_UNGUARDED_AVAILABILITY = YES_AGGRESSIVE;
				CLANG_WARN_UNREACHABLE_CODE = YES;
				CLANG_WARN__DUPLICATE_METHOD_MATCH = YES;
				CODE_SIGN_IDENTITY = "iPhone Developer";
				COPY_PHASE_STRIP = NO;
				DEBUG_INFORMATION_FORMAT = dwarf;
				ENABLE_STRICT_OBJC_MSGSEND = YES;
				ENABLE_TESTABILITY = YES;
				GCC_C_LANGUAGE_STANDARD = gnu11;
				GCC_DYNAMIC_NO_PIC = NO;
				GCC_NO_COMMON_BLOCKS = YES;
				GCC_OPTIMIZATION_LEVEL = 0;
				GCC_PREPROCESSOR_DEFINITIONS = (
					"DEBUG=1",
					"$(inherited)",
				);
				GCC_WARN_64_TO_32_BIT_CONVERSION = YES;
				GCC_WARN_ABOUT_RETURN_TYPE = YES_ERROR;
				GCC_WARN_UNDECLARED_SELECTOR = YES;
				GCC_WARN_UNINITIALIZED_AUTOS = YES_AGGRESSIVE;
				GCC_WARN_UNUSED_FUNCTION = YES;
				GCC_WARN_UNUSED_VARIABLE = YES;
				IPHONEOS_DEPLOYMENT_TARGET = 12.0;
				MTL_ENABLE_DEBUG_INFO = INCLUDE_SOURCE;
				MTL_FAST_MATH = YES;
				ONLY_ACTIVE_ARCH = YES;
				SDKROOT = iphoneos;
			};
			name = Debug;
		};
		953DCB1A2176FFE30024C0A7 /* Release */ = {
			isa = XCBuildConfiguration;
			buildSettings = {
				ALWAYS_SEARCH_USER_PATHS = NO;
				CLANG_ANALYZER_NONNULL = YES;
				CLANG_ANALYZER_NUMBER_OBJECT_CONVERSION = YES_AGGRESSIVE;
				CLANG_CXX_LANGUAGE_STANDARD = "gnu++14";
				CLANG_CXX_LIBRARY = "libc++";
				CLANG_ENABLE_MODULES = YES;
				CLANG_ENABLE_OBJC_ARC = YES;
				CLANG_ENABLE_OBJC_WEAK = YES;
				CLANG_WARN_BLOCK_CAPTURE_AUTORELEASING = YES;
				CLANG_WARN_BOOL_CONVERSION = YES;
				CLANG_WARN_COMMA = YES;
				CLANG_WARN_CONSTANT_CONVERSION = YES;
				CLANG_WARN_DEPRECATED_OBJC_IMPLEMENTATIONS = YES;
				CLANG_WARN_DIRECT_OBJC_ISA_USAGE = YES_ERROR;
				CLANG_WARN_DOCUMENTATION_COMMENTS = YES;
				CLANG_WARN_EMPTY_BODY = YES;
				CLANG_WARN_ENUM_CONVERSION = YES;
				CLANG_WARN_INFINITE_RECURSION = YES;
				CLANG_WARN_INT_CONVERSION = YES;
				CLANG_WARN_NON_LITERAL_NULL_CONVERSION = YES;
				CLANG_WARN_OBJC_IMPLICIT_RETAIN_SELF = YES;
				CLANG_WARN_OBJC_LITERAL_CONVERSION = YES;
				CLANG_WARN_OBJC_ROOT_CLASS = YES_ERROR;
				CLANG_WARN_RANGE_LOOP_ANALYSIS = YES;
				CLANG_WARN_STRICT_PROTOTYPES = YES;
				CLANG_WARN_SUSPICIOUS_MOVE = YES;
				CLANG_WARN_UNGUARDED_AVAILABILITY = YES_AGGRESSIVE;
				CLANG_WARN_UNREACHABLE_CODE = YES;
				CLANG_WARN__DUPLICATE_METHOD_MATCH = YES;
				CODE_SIGN_IDENTITY = "iPhone Developer";
				COPY_PHASE_STRIP = NO;
				DEBUG_INFORMATION_FORMAT = "dwarf-with-dsym";
				ENABLE_NS_ASSERTIONS = NO;
				ENABLE_STRICT_OBJC_MSGSEND = YES;
				GCC_C_LANGUAGE_STANDARD = gnu11;
				GCC_NO_COMMON_BLOCKS = YES;
				GCC_WARN_64_TO_32_BIT_CONVERSION = YES;
				GCC_WARN_ABOUT_RETURN_TYPE = YES_ERROR;
				GCC_WARN_UNDECLARED_SELECTOR = YES;
				GCC_WARN_UNINITIALIZED_AUTOS = YES_AGGRESSIVE;
				GCC_WARN_UNUSED_FUNCTION = YES;
				GCC_WARN_UNUSED_VARIABLE = YES;
				IPHONEOS_DEPLOYMENT_TARGET = 12.0;
				MTL_ENABLE_DEBUG_INFO = NO;
				MTL_FAST_MATH = YES;
				SDKROOT = iphoneos;
				VALIDATE_PRODUCT = YES;
			};
			name = Release;
		};
		953DCB1C2176FFE30024C0A7 /* Debug */ = {
			isa = XCBuildConfiguration;
			buildSettings = {
				ASSETCATALOG_COMPILER_APPICON_NAME = AppIcon;
				CODE_SIGN_STYLE = Automatic;
				DEVELOPMENT_TEAM = G6T64B2XPF;
				INFOPLIST_FILE = GradientColorDemo/Info.plist;
				LD_RUNPATH_SEARCH_PATHS = (
					"$(inherited)",
					"@executable_path/Frameworks",
				);
				PRODUCT_BUNDLE_IDENTIFIER = HuiShangKeJi.GradientColorDemo;
				PRODUCT_NAME = "$(TARGET_NAME)";
				TARGETED_DEVICE_FAMILY = 1;
			};
			name = Debug;
		};
		953DCB1D2176FFE30024C0A7 /* Release */ = {
			isa = XCBuildConfiguration;
			buildSettings = {
				ASSETCATALOG_COMPILER_APPICON_NAME = AppIcon;
				CODE_SIGN_STYLE = Automatic;
				DEVELOPMENT_TEAM = G6T64B2XPF;
				INFOPLIST_FILE = GradientColorDemo/Info.plist;
				LD_RUNPATH_SEARCH_PATHS = (
					"$(inherited)",
					"@executable_path/Frameworks",
				);
				PRODUCT_BUNDLE_IDENTIFIER = HuiShangKeJi.GradientColorDemo;
				PRODUCT_NAME = "$(TARGET_NAME)";
				TARGETED_DEVICE_FAMILY = 1;
			};
			name = Release;
		};
/* End XCBuildConfiguration section */

/* Begin XCConfigurationList section */
		953DCB002176FFDC0024C0A7 /* Build configuration list for PBXProject "GradientColorDemo" */ = {
			isa = XCConfigurationList;
			buildConfigurations = (
				953DCB192176FFE30024C0A7 /* Debug */,
				953DCB1A2176FFE30024C0A7 /* Release */,
			);
			defaultConfigurationIsVisible = 0;
			defaultConfigurationName = Release;
		};
		953DCB1B2176FFE30024C0A7 /* Build configuration list for PBXNativeTarget "GradientColorDemo" */ = {
			isa = XCConfigurationList;
			buildConfigurations = (
				953DCB1C2176FFE30024C0A7 /* Debug */,
				953DCB1D2176FFE30024C0A7 /* Release */,
			);
			defaultConfigurationIsVisible = 0;
			defaultConfigurationName = Release;
		};
/* End XCConfigurationList section */
	};
	rootObject = 953DCAFD2176FFDC0024C0A7 /* Project object */;
}
